
Microsoft Visual Studio Solution File, Format Version 12.00
# Visual Studio 15
VisualStudioVersion = 15.0.28307.852
MinimumVisualStudioVersion = 10.0.40219.1
Project("{9092AA53-FB77-4645-B42D-1CCCA6BD08BD}") = "w05_20191008", "w05_20191008\w05_20191008.njsproj", "{57CFC249-F969-45CA-85D9-D26A855CB953}"
EndProject
Global
	GlobalSection(SolutionConfigurationPlatforms) = preSolution
		Debug|Any CPU = Debug|Any CPU
		Release|Any CPU = Release|Any CPU
	EndGlobalSection
	GlobalSection(ProjectConfigurationPlatforms) = postSolution
		{57CFC249-F969-45CA-85D9-D26A855CB953}.Debug|Any CPU.ActiveCfg = Debug|Any CPU
		{57CFC249-F969-45CA-85D9-D26A855CB953}.Debug|Any CPU.Build.0 = Debug|Any CPU
		{57CFC249-F969-45CA-85D9-D26A855CB953}.Release|Any CPU.ActiveCfg = Release|Any CPU
		{57CFC249-F969-45CA-85D9-D26A855CB953}.Release|Any CPU.Build.0 = Release|Any CPU
	EndGlobalSection
	GlobalSection(SolutionProperties) = preSolution
		HideSolutionNode = FALSE
	EndGlobalSection
	GlobalSection(ExtensibilityGlobals) = postSolution
		SolutionGuid = {F7C8CD28-9D31-494B-B0B6-9292614F8B7F}
	EndGlobalSection
EndGlobal
